
Microsoft Visual Studio Solution File, Format Version 12.00
# Visual Studio 15
VisualStudioVersion = 15.0.27130.2010
MinimumVisualStudioVersion = 10.0.40219.1
Project("{FAE04EC0-301F-11D3-BF4B-00C04F79EFBC}") = "WaterLogged", "WaterLogged\WaterLogged.csproj", "{20462DF8-CF99-47D2-A992-96E82E458171}"
EndProject
Project("{FAE04EC0-301F-11D3-BF4B-00C04F79EFBC}") = "WaterLogged.Serialization", "WaterLogged.Serialization\WaterLogged.Serialization.csproj", "{5A085188-4406-4980-B783-EDD948135DDA}"
EndProject
Project("{FAE04EC0-301F-11D3-BF4B-00C04F79EFBC}") = "WaterLogged.Serialization.Json", "WaterLogged.Serialization.Json\WaterLogged.Serialization.Json.csproj", "{4D439184-2926-4E24-8825-F2A96BA079D9}"
EndProject
Global
	GlobalSection(SolutionConfigurationPlatforms) = preSolution
		Debug|Any CPU = Debug|Any CPU
		Release|Any CPU = Release|Any CPU
	EndGlobalSection
	GlobalSection(ProjectConfigurationPlatforms) = postSolution
		{20462DF8-CF99-47D2-A992-96E82E458171}.Debug|Any CPU.ActiveCfg = Debug|Any CPU
		{20462DF8-CF99-47D2-A992-96E82E458171}.Debug|Any CPU.Build.0 = Debug|Any CPU
		{20462DF8-CF99-47D2-A992-96E82E458171}.Release|Any CPU.ActiveCfg = Release|Any CPU
		{20462DF8-CF99-47D2-A992-96E82E458171}.Release|Any CPU.Build.0 = Release|Any CPU
		{5A085188-4406-4980-B783-EDD948135DDA}.Debug|Any CPU.ActiveCfg = Debug|Any CPU
		{5A085188-4406-4980-B783-EDD948135DDA}.Debug|Any CPU.Build.0 = Debug|Any CPU
		{5A085188-4406-4980-B783-EDD948135DDA}.Release|Any CPU.ActiveCfg = Release|Any CPU
		{5A085188-4406-4980-B783-EDD948135DDA}.Release|Any CPU.Build.0 = Release|Any CPU
		{4D439184-2926-4E24-8825-F2A96BA079D9}.Debug|Any CPU.ActiveCfg = Debug|Any CPU
		{4D439184-2926-4E24-8825-F2A96BA079D9}.Debug|Any CPU.Build.0 = Debug|Any CPU
		{4D439184-2926-4E24-8825-F2A96BA079D9}.Release|Any CPU.ActiveCfg = Release|Any CPU
		{4D439184-2926-4E24-8825-F2A96BA079D9}.Release|Any CPU.Build.0 = Release|Any CPU
	EndGlobalSection
	GlobalSection(SolutionProperties) = preSolution
		HideSolutionNode = FALSE
	EndGlobalSection
	GlobalSection(ExtensibilityGlobals) = postSolution
		SolutionGuid = {C9E65343-8F90-4A31-86B9-4603D2605139}
	EndGlobalSection
EndGlobal
