
Microsoft Visual Studio Solution File, Format Version 12.00
# Visual Studio 15
VisualStudioVersion = 15.0.26730.10
MinimumVisualStudioVersion = 10.0.40219.1
Project("{9A19103F-16F7-4668-BE54-9A1E7A4F7556}") = "WaterLogged", "WaterLogged\WaterLogged.csproj", "{4CFE636A-CBED-4D2C-B824-08946BD932DE}"
EndProject
Project("{9A19103F-16F7-4668-BE54-9A1E7A4F7556}") = "WaterLogged.Serialization", "WaterLogged.Serialization\WaterLogged.Serialization.csproj", "{D2182D33-CBF5-4CFC-BC59-1DDCAE42910C}"
EndProject
Project("{9A19103F-16F7-4668-BE54-9A1E7A4F7556}") = "Example", "Example\Example.csproj", "{BD7CBE89-0719-4FA2-B110-33FA3D7304CE}"
EndProject
Project("{9A19103F-16F7-4668-BE54-9A1E7A4F7556}") = "WaterLogged.Serialization.Xml", "WaterLogged.Serialization.Xml\WaterLogged.Serialization.Xml.csproj", "{77C01114-023E-4FF6-9CC2-B79B2432860E}"
EndProject
Project("{9A19103F-16F7-4668-BE54-9A1E7A4F7556}") = "WaterLogged.Supplement", "WaterLogged.Supplement\WaterLogged.Supplement.csproj", "{6AA6859E-3BA2-48A6-B557-AF531E3B415D}"
EndProject
Global
	GlobalSection(SolutionConfigurationPlatforms) = preSolution
		Debug|Any CPU = Debug|Any CPU
		Release|Any CPU = Release|Any CPU
	EndGlobalSection
	GlobalSection(ProjectConfigurationPlatforms) = postSolution
		{4CFE636A-CBED-4D2C-B824-08946BD932DE}.Debug|Any CPU.ActiveCfg = Debug|Any CPU
		{4CFE636A-CBED-4D2C-B824-08946BD932DE}.Debug|Any CPU.Build.0 = Debug|Any CPU
		{4CFE636A-CBED-4D2C-B824-08946BD932DE}.Release|Any CPU.ActiveCfg = Release|Any CPU
		{4CFE636A-CBED-4D2C-B824-08946BD932DE}.Release|Any CPU.Build.0 = Release|Any CPU
		{D2182D33-CBF5-4CFC-BC59-1DDCAE42910C}.Debug|Any CPU.ActiveCfg = Debug|Any CPU
		{D2182D33-CBF5-4CFC-BC59-1DDCAE42910C}.Debug|Any CPU.Build.0 = Debug|Any CPU
		{D2182D33-CBF5-4CFC-BC59-1DDCAE42910C}.Release|Any CPU.ActiveCfg = Release|Any CPU
		{D2182D33-CBF5-4CFC-BC59-1DDCAE42910C}.Release|Any CPU.Build.0 = Release|Any CPU
		{BD7CBE89-0719-4FA2-B110-33FA3D7304CE}.Debug|Any CPU.ActiveCfg = Debug|Any CPU
		{BD7CBE89-0719-4FA2-B110-33FA3D7304CE}.Debug|Any CPU.Build.0 = Debug|Any CPU
		{BD7CBE89-0719-4FA2-B110-33FA3D7304CE}.Release|Any CPU.ActiveCfg = Release|Any CPU
		{BD7CBE89-0719-4FA2-B110-33FA3D7304CE}.Release|Any CPU.Build.0 = Release|Any CPU
		{77C01114-023E-4FF6-9CC2-B79B2432860E}.Debug|Any CPU.ActiveCfg = Debug|Any CPU
		{77C01114-023E-4FF6-9CC2-B79B2432860E}.Debug|Any CPU.Build.0 = Debug|Any CPU
		{77C01114-023E-4FF6-9CC2-B79B2432860E}.Release|Any CPU.ActiveCfg = Release|Any CPU
		{77C01114-023E-4FF6-9CC2-B79B2432860E}.Release|Any CPU.Build.0 = Release|Any CPU
		{6AA6859E-3BA2-48A6-B557-AF531E3B415D}.Debug|Any CPU.ActiveCfg = Debug|Any CPU
		{6AA6859E-3BA2-48A6-B557-AF531E3B415D}.Debug|Any CPU.Build.0 = Debug|Any CPU
		{6AA6859E-3BA2-48A6-B557-AF531E3B415D}.Release|Any CPU.ActiveCfg = Release|Any CPU
		{6AA6859E-3BA2-48A6-B557-AF531E3B415D}.Release|Any CPU.Build.0 = Release|Any CPU
	EndGlobalSection
	GlobalSection(SolutionProperties) = preSolution
		HideSolutionNode = FALSE
	EndGlobalSection
	GlobalSection(ExtensibilityGlobals) = postSolution
		SolutionGuid = {75D8A546-E6EE-490B-91C5-93E2C41FF5C1}
	EndGlobalSection
EndGlobal
